
Microsoft Visual Studio Solution File, Format Version 12.00
# Visual Studio 2013
VisualStudioVersion = 12.0.31101.0
MinimumVisualStudioVersion = 10.0.40219.1
Project("{f2a71f9b-5d33-465a-a702-920d77279786}") = "FenParser", "FenParser\FenParser.fsproj", "{96245B6B-D4F0-4E44-B8FC-F4B6D9AD785F}"
EndProject
Project("{f2a71f9b-5d33-465a-a702-920d77279786}") = "FenParserTests", "FenParserTests\FenParserTests.fsproj", "{CF780288-DF3F-4B06-B0A3-D6ABE201AC98}"
EndProject
Project("{f2a71f9b-5d33-465a-a702-920d77279786}") = "FenParserTests.NUnit", "FenParserTests.NUnit\FenParserTests.NUnit.fsproj", "{050D8900-D3C8-46FF-925A-7C78B358B3C1}"
EndProject
Project("{f2a71f9b-5d33-465a-a702-920d77279786}") = "FenParser.Extras", "FenParser.Extras\FenParser.Extras.fsproj", "{7A1BF652-6C0C-41A5-BC2C-5328F613D4EF}"
EndProject
Global
	GlobalSection(SolutionConfigurationPlatforms) = preSolution
		Debug|Any CPU = Debug|Any CPU
		Release|Any CPU = Release|Any CPU
	EndGlobalSection
	GlobalSection(ProjectConfigurationPlatforms) = postSolution
		{96245B6B-D4F0-4E44-B8FC-F4B6D9AD785F}.Debug|Any CPU.ActiveCfg = Debug|Any CPU
		{96245B6B-D4F0-4E44-B8FC-F4B6D9AD785F}.Debug|Any CPU.Build.0 = Debug|Any CPU
		{96245B6B-D4F0-4E44-B8FC-F4B6D9AD785F}.Release|Any CPU.ActiveCfg = Release|Any CPU
		{96245B6B-D4F0-4E44-B8FC-F4B6D9AD785F}.Release|Any CPU.Build.0 = Release|Any CPU
		{CF780288-DF3F-4B06-B0A3-D6ABE201AC98}.Debug|Any CPU.ActiveCfg = Debug|Any CPU
		{CF780288-DF3F-4B06-B0A3-D6ABE201AC98}.Debug|Any CPU.Build.0 = Debug|Any CPU
		{CF780288-DF3F-4B06-B0A3-D6ABE201AC98}.Release|Any CPU.ActiveCfg = Release|Any CPU
		{CF780288-DF3F-4B06-B0A3-D6ABE201AC98}.Release|Any CPU.Build.0 = Release|Any CPU
		{050D8900-D3C8-46FF-925A-7C78B358B3C1}.Debug|Any CPU.ActiveCfg = Debug|Any CPU
		{050D8900-D3C8-46FF-925A-7C78B358B3C1}.Debug|Any CPU.Build.0 = Debug|Any CPU
		{050D8900-D3C8-46FF-925A-7C78B358B3C1}.Release|Any CPU.ActiveCfg = Release|Any CPU
		{050D8900-D3C8-46FF-925A-7C78B358B3C1}.Release|Any CPU.Build.0 = Release|Any CPU
		{7A1BF652-6C0C-41A5-BC2C-5328F613D4EF}.Debug|Any CPU.ActiveCfg = Debug|Any CPU
		{7A1BF652-6C0C-41A5-BC2C-5328F613D4EF}.Debug|Any CPU.Build.0 = Debug|Any CPU
		{7A1BF652-6C0C-41A5-BC2C-5328F613D4EF}.Release|Any CPU.ActiveCfg = Release|Any CPU
		{7A1BF652-6C0C-41A5-BC2C-5328F613D4EF}.Release|Any CPU.Build.0 = Release|Any CPU
	EndGlobalSection
	GlobalSection(SolutionProperties) = preSolution
		HideSolutionNode = FALSE
	EndGlobalSection
EndGlobal
